{
  "name": "Lyive",
  "version": "0.0.1",
  "lockfileVersion": 2,
  "requires": true,
  "packages": {
    "": {
      "name": "Lyive",
      "version": "0.0.1",
      "dependencies": {
        "body-parser": "^1.12.4",
        "dotenv": "^8.2.0",
        "express": "~4.12.2",
        "jsonwebtoken": "^5.4.1",
        "MD5": "~1.2.2",
        "mysql": "^2.16.0"
      }
    },
    "node_modules/accepts": {
      "version": "1.2.13",
      "license": "MIT",
      "dependencies": {
        "mime-types": "~2.1.6",
        "negotiator": "0.5.3"
      },
      "engines": {
        "node": ">= 0.6"
      }
    },
    "node_modules/base64url": {
      "version": "2.0.0",
      "license": "MIT"
    },
    "node_modules/bignumber.js": {
      "version": "4.1.0",
      "resolved": "https://registry.npmjs.org/bignumber.js/-/bignumber.js-4.1.0.tgz",
      "integrity": "sha512-eJzYkFYy9L4JzXsbymsFn3p54D+llV27oTQ+ziJG7WFRheJcNZilgVXMG0LoZtlQSKBsJdWtLFqOD0u+U0jZKA==",
      "engines": {
        "node": "*"
      }
    },
    "node_modules/body-parser": {
      "version": "1.17.1",
      "license": "MIT",
      "dependencies": {
        "bytes": "2.4.0",
        "content-type": "~1.0.2",
        "debug": "2.6.1",
        "depd": "~1.1.0",
        "http-errors": "~1.6.1",
        "iconv-lite": "0.4.15",
        "on-finished": "~2.3.0",
        "qs": "6.4.0",
        "raw-body": "~2.2.0",
        "type-is": "~1.6.14"
      },
      "engines": {
        "node": ">= 0.8"
      }
    },
    "node_modules/buffer-equal-constant-time": {
      "version": "1.0.1",
      "license": "BSD-3-Clause"
    },
    "node_modules/bytes": {
      "version": "2.4.0",
      "license": "MIT"
    },
    "node_modules/charenc": {
      "version": "0.0.2",
      "license": "BSD-3-Clause",
      "engines": {
        "node": "*"
      }
    },
    "node_modules/content-disposition": {
      "version": "0.5.0",
      "license": "MIT",
      "engines": {
        "node": ">= 0.6"
      }
    },
    "node_modules/content-type": {
      "version": "1.0.2",
      "license": "MIT",
      "engines": {
        "node": ">= 0.6"
      }
    },
    "node_modules/cookie": {
      "version": "0.1.2",
      "engines": {
        "node": "*"
      }
    },
    "node_modules/cookie-signature": {
      "version": "1.0.6",
      "license": "MIT"
    },
    "node_modules/core-util-is": {
      "version": "1.0.2",
      "resolved": "https://registry.npmjs.org/core-util-is/-/core-util-is-1.0.2.tgz",
      "integrity": "sha1-tf1UIgqivFq1eqtxQMlAdUUDwac="
    },
    "node_modules/crc": {
      "version": "3.2.1",
      "license": "MIT"
    },
    "node_modules/crypt": {
      "version": "0.0.2",
      "license": "BSD-3-Clause",
      "engines": {
        "node": "*"
      }
    },
    "node_modules/debug": {
      "version": "2.6.1",
      "license": "MIT",
      "dependencies": {
        "ms": "0.7.2"
      }
    },
    "node_modules/depd": {
      "version": "1.1.0",
      "license": "MIT",
      "engines": {
        "node": ">= 0.6"
      }
    },
    "node_modules/destroy": {
      "version": "1.0.3",
      "license": "MIT"
    },
    "node_modules/dotenv": {
      "version": "8.2.0",
      "resolved": "https://registry.npmjs.org/dotenv/-/dotenv-8.2.0.tgz",
      "integrity": "sha512-8sJ78ElpbDJBHNeBzUbUVLsqKdccaa/BXF1uPTw3GrvQTBgrQrtObr2mUrE38vzYd8cEv+m/JBfDLioYcfXoaw==",
      "engines": {
        "node": ">=8"
      }
    },
    "node_modules/ecdsa-sig-formatter": {
      "version": "1.0.9",
      "license": "Apache-2.0",
      "dependencies": {
        "base64url": "^2.0.0",
        "safe-buffer": "^5.0.1"
      }
    },
    "node_modules/ee-first": {
      "version": "1.1.1",
      "license": "MIT"
    },
    "node_modules/escape-html": {
      "version": "1.0.1"
    },
    "node_modules/etag": {
      "version": "1.6.0",
      "license": "MIT",
      "dependencies": {
        "crc": "3.2.1"
      },
      "engines": {
        "node": ">= 0.6"
      }
    },
    "node_modules/express": {
      "version": "4.12.4",
      "license": "MIT",
      "dependencies": {
        "accepts": "~1.2.7",
        "content-disposition": "0.5.0",
        "content-type": "~1.0.1",
        "cookie": "0.1.2",
        "cookie-signature": "1.0.6",
        "debug": "~2.2.0",
        "depd": "~1.0.1",
        "escape-html": "1.0.1",
        "etag": "~1.6.0",
        "finalhandler": "0.3.6",
        "fresh": "0.2.4",
        "merge-descriptors": "1.0.0",
        "methods": "~1.1.1",
        "on-finished": "~2.2.1",
        "parseurl": "~1.3.0",
        "path-to-regexp": "0.1.3",
        "proxy-addr": "~1.0.8",
        "qs": "2.4.2",
        "range-parser": "~1.0.2",
        "send": "0.12.3",
        "serve-static": "~1.9.3",
        "type-is": "~1.6.2",
        "utils-merge": "1.0.0",
        "vary": "~1.0.0"
      },
      "engines": {
        "node": ">= 0.10.0"
      }
    },
    "node_modules/express/node_modules/debug": {
      "version": "2.2.0",
      "license": "MIT",
      "dependencies": {
        "ms": "0.7.1"
      }
    },
    "node_modules/express/node_modules/depd": {
      "version": "1.0.1",
      "license": "MIT",
      "engines": {
        "node": ">= 0.6"
      }
    },
    "node_modules/express/node_modules/ee-first": {
      "version": "1.1.0",
      "license": "MIT"
    },
    "node_modules/express/node_modules/ms": {
      "version": "0.7.1"
    },
    "node_modules/express/node_modules/on-finished": {
      "version": "2.2.1",
      "license": "MIT",
      "dependencies": {
        "ee-first": "1.1.0"
      },
      "engines": {
        "node": ">= 0.8"
      }
    },
    "node_modules/express/node_modules/qs": {
      "version": "2.4.2"
    },
    "node_modules/finalhandler": {
      "version": "0.3.6",
      "license": "MIT",
      "dependencies": {
        "debug": "~2.2.0",
        "escape-html": "1.0.1",
        "on-finished": "~2.2.1"
      },
      "engines": {
        "node": ">= 0.8"
      }
    },
    "node_modules/finalhandler/node_modules/debug": {
      "version": "2.2.0",
      "license": "MIT",
      "dependencies": {
        "ms": "0.7.1"
      }
    },
    "node_modules/finalhandler/node_modules/ee-first": {
      "version": "1.1.0",
      "license": "MIT"
    },
    "node_modules/finalhandler/node_modules/ms": {
      "version": "0.7.1"
    },
    "node_modules/finalhandler/node_modules/on-finished": {
      "version": "2.2.1",
      "license": "MIT",
      "dependencies": {
        "ee-first": "1.1.0"
      },
      "engines": {
        "node": ">= 0.8"
      }
    },
    "node_modules/forwarded": {
      "version": "0.1.0",
      "license": "MIT",
      "engines": {
        "node": ">= 0.6"
      }
    },
    "node_modules/fresh": {
      "version": "0.2.4",
      "license": "MIT",
      "engines": {
        "node": ">= 0.6"
      }
    },
    "node_modules/http-errors": {
      "version": "1.6.1",
      "license": "MIT",
      "dependencies": {
        "depd": "1.1.0",
        "inherits": "2.0.3",
        "setprototypeof": "1.0.3",
        "statuses": ">= 1.3.1 < 2"
      },
      "engines": {
        "node": ">= 0.6"
      }
    },
    "node_modules/iconv-lite": {
      "version": "0.4.15",
      "license": "MIT",
      "engines": {
        "node": ">=0.10.0"
      }
    },
    "node_modules/inherits": {
      "version": "2.0.3",
      "license": "ISC"
    },
    "node_modules/ipaddr.js": {
      "version": "1.0.5",
      "license": "MIT",
      "engines": {
        "node": ">= 0.10"
      }
    },
    "node_modules/isarray": {
      "version": "1.0.0",
      "resolved": "https://registry.npmjs.org/isarray/-/isarray-1.0.0.tgz",
      "integrity": "sha1-u5NdSFgsuhaMBoNJV6VKPgcSTxE="
    },
    "node_modules/jsonwebtoken": {
      "version": "5.7.0",
      "license": "MIT",
      "dependencies": {
        "jws": "^3.0.0",
        "ms": "^0.7.1",
        "xtend": "^4.0.1"
      },
      "engines": {
        "npm": ">=1.4.28"
      }
    },
    "node_modules/jwa": {
      "version": "1.1.5",
      "license": "MIT",
      "dependencies": {
        "base64url": "2.0.0",
        "buffer-equal-constant-time": "1.0.1",
        "ecdsa-sig-formatter": "1.0.9",
        "safe-buffer": "^5.0.1"
      }
    },
    "node_modules/jws": {
      "version": "3.1.4",
      "license": "MIT",
      "dependencies": {
        "base64url": "^2.0.0",
        "jwa": "^1.1.4",
        "safe-buffer": "^5.0.1"
      }
    },
    "node_modules/MD5": {
      "version": "1.2.2",
      "deprecated": "deprecated, use lowercase 'md5@2.x' from now on",
      "license": "BSD-3-Clause",
      "dependencies": {
        "charenc": ">= 0.0.1",
        "crypt": ">= 0.0.1"
      },
      "engines": {
        "node": "*"
      }
    },
    "node_modules/media-typer": {
      "version": "0.3.0",
      "license": "MIT",
      "engines": {
        "node": ">= 0.6"
      }
    },
    "node_modules/merge-descriptors": {
      "version": "1.0.0",
      "license": "MIT"
    },
    "node_modules/methods": {
      "version": "1.1.2",
      "license": "MIT",
      "engines": {
        "node": ">= 0.6"
      }
    },
    "node_modules/mime": {
      "version": "1.3.4",
      "bin": {
        "mime": "cli.js"
      }
    },
    "node_modules/mime-db": {
      "version": "1.27.0",
      "license": "MIT",
      "engines": {
        "node": ">= 0.6"
      }
    },
    "node_modules/mime-types": {
      "version": "2.1.15",
      "license": "MIT",
      "dependencies": {
        "mime-db": "~1.27.0"
      },
      "engines": {
        "node": ">= 0.6"
      }
    },
    "node_modules/ms": {
      "version": "0.7.2",
      "license": "MIT"
    },
    "node_modules/mysql": {
      "version": "2.16.0",
      "resolved": "https://registry.npmjs.org/mysql/-/mysql-2.16.0.tgz",
      "integrity": "sha512-dPbN2LHonQp7D5ja5DJXNbCLe/HRdu+f3v61aguzNRQIrmZLOeRoymBYyeThrR6ug+FqzDL95Gc9maqZUJS+Gw==",
      "dependencies": {
        "bignumber.js": "4.1.0",
        "readable-stream": "2.3.6",
        "safe-buffer": "5.1.2",
        "sqlstring": "2.3.1"
      },
      "engines": {
        "node": ">= 0.6"
      }
    },
    "node_modules/negotiator": {
      "version": "0.5.3",
      "license": "MIT",
      "engines": {
        "node": ">= 0.6"
      }
    },
    "node_modules/on-finished": {
      "version": "2.3.0",
      "license": "MIT",
      "dependencies": {
        "ee-first": "1.1.1"
      },
      "engines": {
        "node": ">= 0.8"
      }
    },
    "node_modules/parseurl": {
      "version": "1.3.1",
      "license": "MIT",
      "engines": {
        "node": ">= 0.8"
      }
    },
    "node_modules/path-to-regexp": {
      "version": "0.1.3"
    },
    "node_modules/process-nextick-args": {
      "version": "2.0.1",
      "resolved": "https://registry.npmjs.org/process-nextick-args/-/process-nextick-args-2.0.1.tgz",
      "integrity": "sha512-3ouUOpQhtgrbOa17J7+uxOTpITYWaGP7/AhoR3+A+/1e9skrzelGi/dXzEYyvbxubEF6Wn2ypscTKiKJFFn1ag=="
    },
    "node_modules/proxy-addr": {
      "version": "1.0.10",
      "license": "MIT",
      "dependencies": {
        "forwarded": "~0.1.0",
        "ipaddr.js": "1.0.5"
      },
      "engines": {
        "node": ">= 0.6"
      }
    },
    "node_modules/qs": {
      "version": "6.4.0",
      "license": "BSD-3-Clause",
      "engines": {
        "node": ">=0.6"
      }
    },
    "node_modules/range-parser": {
      "version": "1.0.3",
      "license": "MIT",
      "engines": {
        "node": ">= 0.6"
      }
    },
    "node_modules/raw-body": {
      "version": "2.2.0",
      "license": "MIT",
      "dependencies": {
        "bytes": "2.4.0",
        "iconv-lite": "0.4.15",
        "unpipe": "1.0.0"
      },
      "engines": {
        "node": ">= 0.8"
      }
    },
    "node_modules/readable-stream": {
      "version": "2.3.6",
      "resolved": "https://registry.npmjs.org/readable-stream/-/readable-stream-2.3.6.tgz",
      "integrity": "sha512-tQtKA9WIAhBF3+VLAseyMqZeBjW0AHJoxOtYqSUZNJxauErmLbVm2FW1y+J/YA9dUrAC39ITejlZWhVIwawkKw==",
      "dependencies": {
        "core-util-is": "~1.0.0",
        "inherits": "~2.0.3",
        "isarray": "~1.0.0",
        "process-nextick-args": "~2.0.0",
        "safe-buffer": "~5.1.1",
        "string_decoder": "~1.1.1",
        "util-deprecate": "~1.0.1"
      }
    },
    "node_modules/safe-buffer": {
      "version": "5.1.2",
      "resolved": "https://registry.npmjs.org/safe-buffer/-/safe-buffer-5.1.2.tgz",
      "integrity": "sha512-Gd2UZBJDkXlY7GbJxfsE8/nvKkUEU1G38c1siN6QP6a9PT9MmHB8GnpscSmMJSoF8LOIrt8ud/wPtojys4G6+g=="
    },
    "node_modules/send": {
      "version": "0.12.3",
      "license": "MIT",
      "dependencies": {
        "debug": "~2.2.0",
        "depd": "~1.0.1",
        "destroy": "1.0.3",
        "escape-html": "1.0.1",
        "etag": "~1.6.0",
        "fresh": "0.2.4",
        "mime": "1.3.4",
        "ms": "0.7.1",
        "on-finished": "~2.2.1",
        "range-parser": "~1.0.2"
      },
      "engines": {
        "node": ">= 0.8.0"
      }
    },
    "node_modules/send/node_modules/debug": {
      "version": "2.2.0",
      "license": "MIT",
      "dependencies": {
        "ms": "0.7.1"
      }
    },
    "node_modules/send/node_modules/depd": {
      "version": "1.0.1",
      "license": "MIT",
      "engines": {
        "node": ">= 0.6"
      }
    },
    "node_modules/send/node_modules/ee-first": {
      "version": "1.1.0",
      "license": "MIT"
    },
    "node_modules/send/node_modules/ms": {
      "version": "0.7.1"
    },
    "node_modules/send/node_modules/on-finished": {
      "version": "2.2.1",
      "license": "MIT",
      "dependencies": {
        "ee-first": "1.1.0"
      },
      "engines": {
        "node": ">= 0.8"
      }
    },
    "node_modules/serve-static": {
      "version": "1.9.3",
      "license": "MIT",
      "dependencies": {
        "escape-html": "1.0.1",
        "parseurl": "~1.3.0",
        "send": "0.12.3",
        "utils-merge": "1.0.0"
      },
      "engines": {
        "node": ">= 0.8.0"
      }
    },
    "node_modules/setprototypeof": {
      "version": "1.0.3",
      "license": "ISC"
    },
    "node_modules/sqlstring": {
      "version": "2.3.1",
      "resolved": "https://registry.npmjs.org/sqlstring/-/sqlstring-2.3.1.tgz",
      "integrity": "sha1-R1OT/56RR5rqYtyvDKPRSYOn+0A=",
      "engines": {
        "node": ">= 0.6"
      }
    },
    "node_modules/statuses": {
      "version": "1.3.1",
      "license": "MIT",
      "engines": {
        "node": ">= 0.6"
      }
    },
    "node_modules/string_decoder": {
      "version": "1.1.1",
      "resolved": "https://registry.npmjs.org/string_decoder/-/string_decoder-1.1.1.tgz",
      "integrity": "sha512-n/ShnvDi6FHbbVfviro+WojiFzv+s8MPMHBczVePfUpDJLwoLT0ht1l4YwBCbi8pJAveEEdnkHyPyTP/mzRfwg==",
      "dependencies": {
        "safe-buffer": "~5.1.0"
      }
    },
    "node_modules/type-is": {
      "version": "1.6.15",
      "license": "MIT",
      "dependencies": {
        "media-typer": "0.3.0",
        "mime-types": "~2.1.15"
      },
      "engines": {
        "node": ">= 0.6"
      }
    },
    "node_modules/unpipe": {
      "version": "1.0.0",
      "license": "MIT",
      "engines": {
        "node": ">= 0.8"
      }
    },
    "node_modules/util-deprecate": {
      "version": "1.0.2",
      "resolved": "https://registry.npmjs.org/util-deprecate/-/util-deprecate-1.0.2.tgz",
      "integrity": "sha1-RQ1Nyfpw3nMnYvvS1KKJgUGaDM8="
    },
    "node_modules/utils-merge": {
      "version": "1.0.0",
      "engines": {
        "node": ">= 0.4.0"
      }
    },
    "node_modules/vary": {
      "version": "1.0.1",
      "license": "MIT",
      "engines": {
        "node": ">= 0.8"
      }
    },
    "node_modules/xtend": {
      "version": "4.0.1",
      "license": "MIT",
      "engines": {
        "node": ">=0.4"
      }
    }
  },
  "dependencies": {
    "accepts": {
      "version": "1.2.13",
      "requires": {
        "mime-types": "~2.1.6",
        "negotiator": "0.5.3"
      }
    },
    "base64url": {
      "version": "2.0.0"
    },
    "bignumber.js": {
      "version": "4.1.0",
      "resolved": "https://registry.npmjs.org/bignumber.js/-/bignumber.js-4.1.0.tgz",
      "integrity": "sha512-eJzYkFYy9L4JzXsbymsFn3p54D+llV27oTQ+ziJG7WFRheJcNZilgVXMG0LoZtlQSKBsJdWtLFqOD0u+U0jZKA=="
    },
    "body-parser": {
      "version": "1.17.1",
      "requires": {
        "bytes": "2.4.0",
        "content-type": "~1.0.2",
        "debug": "2.6.1",
        "depd": "~1.1.0",
        "http-errors": "~1.6.1",
        "iconv-lite": "0.4.15",
        "on-finished": "~2.3.0",
        "qs": "6.4.0",
        "raw-body": "~2.2.0",
        "type-is": "~1.6.14"
      }
    },
    "buffer-equal-constant-time": {
      "version": "1.0.1"
    },
    "bytes": {
      "version": "2.4.0"
    },
    "charenc": {
      "version": "0.0.2"
    },
    "content-disposition": {
      "version": "0.5.0"
    },
    "content-type": {
      "version": "1.0.2"
    },
    "cookie": {
      "version": "0.1.2"
    },
    "cookie-signature": {
      "version": "1.0.6"
    },
    "core-util-is": {
      "version": "1.0.2",
      "resolved": "https://registry.npmjs.org/core-util-is/-/core-util-is-1.0.2.tgz",
      "integrity": "sha1-tf1UIgqivFq1eqtxQMlAdUUDwac="
    },
    "crc": {
      "version": "3.2.1"
    },
    "crypt": {
      "version": "0.0.2"
    },
    "debug": {
      "version": "2.6.1",
      "requires": {
        "ms": "0.7.2"
      }
    },
    "depd": {
      "version": "1.1.0"
    },
    "destroy": {
      "version": "1.0.3"
    },
    "dotenv": {
      "version": "8.2.0",
      "resolved": "https://registry.npmjs.org/dotenv/-/dotenv-8.2.0.tgz",
      "integrity": "sha512-8sJ78ElpbDJBHNeBzUbUVLsqKdccaa/BXF1uPTw3GrvQTBgrQrtObr2mUrE38vzYd8cEv+m/JBfDLioYcfXoaw=="
    },
    "ecdsa-sig-formatter": {
      "version": "1.0.9",
      "requires": {
        "base64url": "^2.0.0",
        "safe-buffer": "^5.0.1"
      }
    },
    "ee-first": {
      "version": "1.1.1"
    },
    "escape-html": {
      "version": "1.0.1"
    },
    "etag": {
      "version": "1.6.0",
      "requires": {
        "crc": "3.2.1"
      }
    },
    "express": {
      "version": "4.12.4",
      "requires": {
        "accepts": "~1.2.7",
        "content-disposition": "0.5.0",
        "content-type": "~1.0.1",
        "cookie": "0.1.2",
        "cookie-signature": "1.0.6",
        "debug": "~2.2.0",
        "depd": "~1.0.1",
        "escape-html": "1.0.1",
        "etag": "~1.6.0",
        "finalhandler": "0.3.6",
        "fresh": "0.2.4",
        "merge-descriptors": "1.0.0",
        "methods": "~1.1.1",
        "on-finished": "~2.2.1",
        "parseurl": "~1.3.0",
        "path-to-regexp": "0.1.3",
        "proxy-addr": "~1.0.8",
        "qs": "2.4.2",
        "range-parser": "~1.0.2",
        "send": "0.12.3",
        "serve-static": "~1.9.3",
        "type-is": "~1.6.2",
        "utils-merge": "1.0.0",
        "vary": "~1.0.0"
      },
      "dependencies": {
        "debug": {
          "version": "2.2.0",
          "requires": {
            "ms": "0.7.1"
          }
        },
        "depd": {
          "version": "1.0.1"
        },
        "ee-first": {
          "version": "1.1.0"
        },
        "ms": {
          "version": "0.7.1"
        },
        "on-finished": {
          "version": "2.2.1",
          "requires": {
            "ee-first": "1.1.0"
          }
        },
        "qs": {
          "version": "2.4.2"
        }
      }
    },
    "finalhandler": {
      "version": "0.3.6",
      "requires": {
        "debug": "~2.2.0",
        "escape-html": "1.0.1",
        "on-finished": "~2.2.1"
      },
      "dependencies": {
        "debug": {
          "version": "2.2.0",
          "requires": {
            "ms": "0.7.1"
          }
        },
        "ee-first": {
          "version": "1.1.0"
        },
        "ms": {
          "version": "0.7.1"
        },
        "on-finished": {
          "version": "2.2.1",
          "requires": {
            "ee-first": "1.1.0"
          }
        }
      }
    },
    "forwarded": {
      "version": "0.1.0"
    },
    "fresh": {
      "version": "0.2.4"
    },
    "http-errors": {
      "version": "1.6.1",
      "requires": {
        "depd": "1.1.0",
        "inherits": "2.0.3",
        "setprototypeof": "1.0.3",
        "statuses": ">= 1.3.1 < 2"
      }
    },
    "iconv-lite": {
      "version": "0.4.15"
    },
    "inherits": {
      "version": "2.0.3"
    },
    "ipaddr.js": {
      "version": "1.0.5"
    },
    "isarray": {
      "version": "1.0.0",
      "resolved": "https://registry.npmjs.org/isarray/-/isarray-1.0.0.tgz",
      "integrity": "sha1-u5NdSFgsuhaMBoNJV6VKPgcSTxE="
    },
    "jsonwebtoken": {
      "version": "5.7.0",
      "requires": {
        "jws": "^3.0.0",
        "ms": "^0.7.1",
        "xtend": "^4.0.1"
      }
    },
    "jwa": {
      "version": "1.1.5",
      "requires": {
        "base64url": "2.0.0",
        "buffer-equal-constant-time": "1.0.1",
        "ecdsa-sig-formatter": "1.0.9",
        "safe-buffer": "^5.0.1"
      }
    },
    "jws": {
      "version": "3.1.4",
      "requires": {
        "base64url": "^2.0.0",
        "jwa": "^1.1.4",
        "safe-buffer": "^5.0.1"
      }
    },
    "MD5": {
      "version": "1.2.2",
      "requires": {
        "charenc": ">= 0.0.1",
        "crypt": ">= 0.0.1"
      }
    },
    "media-typer": {
      "version": "0.3.0"
    },
    "merge-descriptors": {
      "version": "1.0.0"
    },
    "methods": {
      "version": "1.1.2"
    },
    "mime": {
      "version": "1.3.4"
    },
    "mime-db": {
      "version": "1.27.0"
    },
    "mime-types": {
      "version": "2.1.15",
      "requires": {
        "mime-db": "~1.27.0"
      }
    },
    "ms": {
      "version": "0.7.2"
    },
    "mysql": {
      "version": "2.16.0",
      "resolved": "https://registry.npmjs.org/mysql/-/mysql-2.16.0.tgz",
      "integrity": "sha512-dPbN2LHonQp7D5ja5DJXNbCLe/HRdu+f3v61aguzNRQIrmZLOeRoymBYyeThrR6ug+FqzDL95Gc9maqZUJS+Gw==",
      "requires": {
        "bignumber.js": "4.1.0",
        "readable-stream": "2.3.6",
        "safe-buffer": "5.1.2",
        "sqlstring": "2.3.1"
      }
    },
    "negotiator": {
      "version": "0.5.3"
    },
    "on-finished": {
      "version": "2.3.0",
      "requires": {
        "ee-first": "1.1.1"
      }
    },
    "parseurl": {
      "version": "1.3.1"
    },
    "path-to-regexp": {
      "version": "0.1.3"
    },
    "process-nextick-args": {
      "version": "2.0.1",
      "resolved": "https://registry.npmjs.org/process-nextick-args/-/process-nextick-args-2.0.1.tgz",
      "integrity": "sha512-3ouUOpQhtgrbOa17J7+uxOTpITYWaGP7/AhoR3+A+/1e9skrzelGi/dXzEYyvbxubEF6Wn2ypscTKiKJFFn1ag=="
    },
    "proxy-addr": {
      "version": "1.0.10",
      "requires": {
        "forwarded": "~0.1.0",
        "ipaddr.js": "1.0.5"
      }
    },
    "qs": {
      "version": "6.4.0"
    },
    "range-parser": {
      "version": "1.0.3"
    },
    "raw-body": {
      "version": "2.2.0",
      "requires": {
        "bytes": "2.4.0",
        "iconv-lite": "0.4.15",
        "unpipe": "1.0.0"
      }
    },
    "readable-stream": {
      "version": "2.3.6",
      "resolved": "https://registry.npmjs.org/readable-stream/-/readable-stream-2.3.6.tgz",
      "integrity": "sha512-tQtKA9WIAhBF3+VLAseyMqZeBjW0AHJoxOtYqSUZNJxauErmLbVm2FW1y+J/YA9dUrAC39ITejlZWhVIwawkKw==",
      "requires": {
        "core-util-is": "~1.0.0",
        "inherits": "~2.0.3",
        "isarray": "~1.0.0",
        "process-nextick-args": "~2.0.0",
        "safe-buffer": "~5.1.1",
        "string_decoder": "~1.1.1",
        "util-deprecate": "~1.0.1"
      }
    },
    "safe-buffer": {
      "version": "5.1.2",
      "resolved": "https://registry.npmjs.org/safe-buffer/-/safe-buffer-5.1.2.tgz",
      "integrity": "sha512-Gd2UZBJDkXlY7GbJxfsE8/nvKkUEU1G38c1siN6QP6a9PT9MmHB8GnpscSmMJSoF8LOIrt8ud/wPtojys4G6+g=="
    },
    "send": {
      "version": "0.12.3",
      "requires": {
        "debug": "~2.2.0",
        "depd": "~1.0.1",
        "destroy": "1.0.3",
        "escape-html": "1.0.1",
        "etag": "~1.6.0",
        "fresh": "0.2.4",
        "mime": "1.3.4",
        "ms": "0.7.1",
        "on-finished": "~2.2.1",
        "range-parser": "~1.0.2"
      },
      "dependencies": {
        "debug": {
          "version": "2.2.0",
          "requires": {
            "ms": "0.7.1"
          }
        },
        "depd": {
          "version": "1.0.1"
        },
        "ee-first": {
          "version": "1.1.0"
        },
        "ms": {
          "version": "0.7.1"
        },
        "on-finished": {
          "version": "2.2.1",
          "requires": {
            "ee-first": "1.1.0"
          }
        }
      }
    },
    "serve-static": {
      "version": "1.9.3",
      "requires": {
        "escape-html": "1.0.1",
        "parseurl": "~1.3.0",
        "send": "0.12.3",
        "utils-merge": "1.0.0"
      }
    },
    "setprototypeof": {
      "version": "1.0.3"
    },
    "sqlstring": {
      "version": "2.3.1",
      "resolved": "https://registry.npmjs.org/sqlstring/-/sqlstring-2.3.1.tgz",
      "integrity": "sha1-R1OT/56RR5rqYtyvDKPRSYOn+0A="
    },
    "statuses": {
      "version": "1.3.1"
    },
    "string_decoder": {
      "version": "1.1.1",
      "resolved": "https://registry.npmjs.org/string_decoder/-/string_decoder-1.1.1.tgz",
      "integrity": "sha512-n/ShnvDi6FHbbVfviro+WojiFzv+s8MPMHBczVePfUpDJLwoLT0ht1l4YwBCbi8pJAveEEdnkHyPyTP/mzRfwg==",
      "requires": {
        "safe-buffer": "~5.1.0"
      }
    },
    "type-is": {
      "version": "1.6.15",
      "requires": {
        "media-typer": "0.3.0",
        "mime-types": "~2.1.15"
      }
    },
    "unpipe": {
      "version": "1.0.0"
    },
    "util-deprecate": {
      "version": "1.0.2",
      "resolved": "https://registry.npmjs.org/util-deprecate/-/util-deprecate-1.0.2.tgz",
      "integrity": "sha1-RQ1Nyfpw3nMnYvvS1KKJgUGaDM8="
    },
    "utils-merge": {
      "version": "1.0.0"
    },
    "vary": {
      "version": "1.0.1"
    },
    "xtend": {
      "version": "4.0.1"
    }
  }
}
